// !$*UTF8*$!
{
	archiveVersion = 1;
	classes = {
	};
	objectVersion = 50;
	objects = {

/* Begin PBXBuildFile section */
		7E350A9D2260006900DCE165 /* Robust_SA_small.c in Sources */ = {isa = PBXBuildFile; fileRef = 7E5ADEC8225AE44F00A3B8CB /* Robust_SA_small.c */; };
		7E5EA2D222512325006CD4FC /* CoreFoundation.framework in Frameworks */ = {isa = PBXBuildFile; fileRef = 7E5EA2D122512324006CD4FC /* CoreFoundation.framework */; };
		7E5EA2D42251232C006CD4FC /* IOKit.framework in Frameworks */ = {isa = PBXBuildFile; fileRef = 7E5EA2D32251232C006CD4FC /* IOKit.framework */; };
		7E5EA2D92251234F006CD4FC /* libilocplex.a in Frameworks */ = {isa = PBXBuildFile; fileRef = 7E5EA2D52251234F006CD4FC /* libilocplex.a */; };
		7E5EA2DA2251234F006CD4FC /* libconcert.a in Frameworks */ = {isa = PBXBuildFile; fileRef = 7E5EA2D62251234F006CD4FC /* libconcert.a */; };
		7E5EA2DB2251234F006CD4FC /* libcplex.a in Frameworks */ = {isa = PBXBuildFile; fileRef = 7E5EA2D72251234F006CD4FC /* libcplex.a */; };
		7E5EA2DC2251234F006CD4FC /* libcplexdistmip.a in Frameworks */ = {isa = PBXBuildFile; fileRef = 7E5EA2D82251234F006CD4FC /* libcplexdistmip.a */; };
		7E5EA43F225334AF006CD4FC /* support.h in Sources */ = {isa = PBXBuildFile; fileRef = 7E5EA2E72251365A006CD4FC /* support.h */; };
/* End PBXBuildFile section */

/* Begin PBXCopyFilesBuildPhase section */
		7E5EA2C4225122E0006CD4FC /* CopyFiles */ = {
			isa = PBXCopyFilesBuildPhase;
			buildActionMask = 2147483647;
			dstPath = /usr/share/man/man1/;
			dstSubfolderSpec = 0;
			files = (
			);
			runOnlyForDeploymentPostprocessing = 1;
		};
/* End PBXCopyFilesBuildPhase section */

/* Begin PBXFileReference section */
		7E5ADEC8225AE44F00A3B8CB /* Robust_SA_small.c */ = {isa = PBXFileReference; fileEncoding = 4; lastKnownFileType = sourcecode.c.c; path = Robust_SA_small.c; sourceTree = "<group>"; };
		7E5ADEE0225DCD4500A3B8CB /* CI.h */ = {isa = PBXFileReference; lastKnownFileType = sourcecode.c.h; path = CI.h; sourceTree = "<group>"; };
		7E5ADEE1225DCD4500A3B8CB /* CI.c */ = {isa = PBXFileReference; lastKnownFileType = sourcecode.c.c; path = CI.c; sourceTree = "<group>"; };
		7E5EA2C6225122E0006CD4FC /* Stochastic Approximation */ = {isa = PBXFileReference; explicitFileType = "compiled.mach-o.executable"; includeInIndex = 0; path = "Stochastic Approximation"; sourceTree = BUILT_PRODUCTS_DIR; };
		7E5EA2C9225122E0006CD4FC /* SA_large.c */ = {isa = PBXFileReference; lastKnownFileType = sourcecode.c.c; path = SA_large.c; sourceTree = "<group>"; };
		7E5EA2D122512324006CD4FC /* CoreFoundation.framework */ = {isa = PBXFileReference; lastKnownFileType = wrapper.framework; name = CoreFoundation.framework; path = System/Library/Frameworks/CoreFoundation.framework; sourceTree = SDKROOT; };
		7E5EA2D32251232C006CD4FC /* IOKit.framework */ = {isa = PBXFileReference; lastKnownFileType = wrapper.framework; name = IOKit.framework; path = System/Library/Frameworks/IOKit.framework; sourceTree = SDKROOT; };
		7E5EA2D52251234F006CD4FC /* libilocplex.a */ = {isa = PBXFileReference; lastKnownFileType = archive.ar; name = libilocplex.a; path = "../../../../../Applications/CPLEX_Studio128/cplex/lib/x86-64_osx/static_pic/libilocplex.a"; sourceTree = "<group>"; };
		7E5EA2D62251234F006CD4FC /* libconcert.a */ = {isa = PBXFileReference; lastKnownFileType = archive.ar; name = libconcert.a; path = "../../../../../Applications/CPLEX_Studio128/concert/lib/x86-64_osx/static_pic/libconcert.a"; sourceTree = "<group>"; };
		7E5EA2D72251234F006CD4FC /* libcplex.a */ = {isa = PBXFileReference; lastKnownFileType = archive.ar; name = libcplex.a; path = "../../../../../Applications/CPLEX_Studio128/cplex/lib/x86-64_osx/static_pic/libcplex.a"; sourceTree = "<group>"; };
		7E5EA2D82251234F006CD4FC /* libcplexdistmip.a */ = {isa = PBXFileReference; lastKnownFileType = archive.ar; name = libcplexdistmip.a; path = "../../../../../Applications/CPLEX_Studio128/cplex/lib/x86-64_osx/static_pic/libcplexdistmip.a"; sourceTree = "<group>"; };
		7E5EA2E72251365A006CD4FC /* support.h */ = {isa = PBXFileReference; lastKnownFileType = sourcecode.c.h; path = support.h; sourceTree = "<group>"; };
		7E5EA2EA225145ED006CD4FC /* subprob.lp */ = {isa = PBXFileReference; fileEncoding = 4; lastKnownFileType = sourcecode.lex; path = subprob.lp; sourceTree = "<group>"; };
		7E5EA2EF2251E5E5006CD4FC /* subprob_small.lp */ = {isa = PBXFileReference; fileEncoding = 4; lastKnownFileType = sourcecode.lex; path = subprob_small.lp; sourceTree = "<group>"; };
		7E5EA32222527DF1006CD4FC /* SA_small.c */ = {isa = PBXFileReference; fileEncoding = 4; lastKnownFileType = sourcecode.c.c; path = SA_small.c; sourceTree = "<group>"; };
		7E5EA32922528496006CD4FC /* get_final_obj.h */ = {isa = PBXFileReference; lastKnownFileType = sourcecode.c.h; path = get_final_obj.h; sourceTree = "<group>"; };
		7E5EA32A22528496006CD4FC /* get_final_obj.c */ = {isa = PBXFileReference; lastKnownFileType = sourcecode.c.c; path = get_final_obj.c; sourceTree = "<group>"; };
/* End PBXFileReference section */

/* Begin PBXFrameworksBuildPhase section */
		7E5EA2C3225122E0006CD4FC /* Frameworks */ = {
			isa = PBXFrameworksBuildPhase;
			buildActionMask = 2147483647;
			files = (
				7E5EA2D92251234F006CD4FC /* libilocplex.a in Frameworks */,
				7E5EA2DA2251234F006CD4FC /* libconcert.a in Frameworks */,
				7E5EA2DB2251234F006CD4FC /* libcplex.a in Frameworks */,
				7E5EA2DC2251234F006CD4FC /* libcplexdistmip.a in Frameworks */,
				7E5EA2D42251232C006CD4FC /* IOKit.framework in Frameworks */,
				7E5EA2D222512325006CD4FC /* CoreFoundation.framework in Frameworks */,
			);
			runOnlyForDeploymentPostprocessing = 0;
		};
/* End PBXFrameworksBuildPhase section */

/* Begin PBXGroup section */
		7E5EA2BD225122E0006CD4FC = {
			isa = PBXGroup;
			children = (
				7E5EA2C8225122E0006CD4FC /* Stochastic Approximation */,
				7E5EA2C7225122E0006CD4FC /* Products */,
				7E5EA2D022512324006CD4FC /* Frameworks */,
			);
			sourceTree = "<group>";
		};
		7E5EA2C7225122E0006CD4FC /* Products */ = {
			isa = PBXGroup;
			children = (
				7E5EA2C6225122E0006CD4FC /* Stochastic Approximation */,
			);
			name = Products;
			sourceTree = "<group>";
		};
		7E5EA2C8225122E0006CD4FC /* Stochastic Approximation */ = {
			isa = PBXGroup;
			children = (
				7E5EA32222527DF1006CD4FC /* SA_small.c */,
				7E5ADEE0225DCD4500A3B8CB /* CI.h */,
				7E5ADEE1225DCD4500A3B8CB /* CI.c */,
				7E5ADEC8225AE44F00A3B8CB /* Robust_SA_small.c */,
				7E5EA2EF2251E5E5006CD4FC /* subprob_small.lp */,
				7E5EA2EA225145ED006CD4FC /* subprob.lp */,
				7E5EA2C9225122E0006CD4FC /* SA_large.c */,
				7E5EA32922528496006CD4FC /* get_final_obj.h */,
				7E5EA32A22528496006CD4FC /* get_final_obj.c */,
				7E5EA2E72251365A006CD4FC /* support.h */,
			);
			path = "Stochastic Approximation";
			sourceTree = "<group>";
		};
		7E5EA2D022512324006CD4FC /* Frameworks */ = {
			isa = PBXGroup;
			children = (
				7E5EA2D62251234F006CD4FC /* libconcert.a */,
				7E5EA2D72251234F006CD4FC /* libcplex.a */,
				7E5EA2D82251234F006CD4FC /* libcplexdistmip.a */,
				7E5EA2D52251234F006CD4FC /* libilocplex.a */,
				7E5EA2D32251232C006CD4FC /* IOKit.framework */,
				7E5EA2D122512324006CD4FC /* CoreFoundation.framework */,
			);
			name = Frameworks;
			sourceTree = "<group>";
		};
/* End PBXGroup section */

/* Begin PBXNativeTarget section */
		7E5EA2C5225122E0006CD4FC /* Stochastic Approximation */ = {
			isa = PBXNativeTarget;
			buildConfigurationList = 7E5EA2CD225122E0006CD4FC /* Build configuration list for PBXNativeTarget "Stochastic Approximation" */;
			buildPhases = (
				7E5EA2C2225122E0006CD4FC /* Sources */,
				7E5EA2C3225122E0006CD4FC /* Frameworks */,
				7E5EA2C4225122E0006CD4FC /* CopyFiles */,
			);
			buildRules = (
			);
			dependencies = (
			);
			name = "Stochastic Approximation";
			productName = "Stochastic Approximation";
			productReference = 7E5EA2C6225122E0006CD4FC /* Stochastic Approximation */;
			productType = "com.apple.product-type.tool";
		};
/* End PBXNativeTarget section */

/* Begin PBXProject section */
		7E5EA2BE225122E0006CD4FC /* Project object */ = {
			isa = PBXProject;
			attributes = {
				LastUpgradeCheck = 1010;
				ORGANIZATIONNAME = jjxu;
				TargetAttributes = {
					7E5EA2C5225122E0006CD4FC = {
						CreatedOnToolsVersion = 10.1;
					};
				};
			};
			buildConfigurationList = 7E5EA2C1225122E0006CD4FC /* Build configuration list for PBXProject "Stochastic Approximation" */;
			compatibilityVersion = "Xcode 9.3";
			developmentRegion = en;
			hasScannedForEncodings = 0;
			knownRegions = (
				en,
			);
			mainGroup = 7E5EA2BD225122E0006CD4FC;
			productRefGroup = 7E5EA2C7225122E0006CD4FC /* Products */;
			projectDirPath = "";
			projectRoot = "";
			targets = (
				7E5EA2C5225122E0006CD4FC /* Stochastic Approximation */,
			);
		};
/* End PBXProject section */

/* Begin PBXSourcesBuildPhase section */
		7E5EA2C2225122E0006CD4FC /* Sources */ = {
			isa = PBXSourcesBuildPhase;
			buildActionMask = 2147483647;
			files = (
				7E350A9D2260006900DCE165 /* Robust_SA_small.c in Sources */,
				7E5EA43F225334AF006CD4FC /* support.h in Sources */,
			);
			runOnlyForDeploymentPostprocessing = 0;
		};
/* End PBXSourcesBuildPhase section */

/* Begin XCBuildConfiguration section */
		7E5EA2CB225122E0006CD4FC /* Debug */ = {
			isa = XCBuildConfiguration;
			buildSettings = {
				ALWAYS_SEARCH_USER_PATHS = NO;
				CLANG_ANALYZER_NONNULL = YES;
				CLANG_ANALYZER_NUMBER_OBJECT_CONVERSION = YES_AGGRESSIVE;
				CLANG_CXX_LANGUAGE_STANDARD = "gnu++14";
				CLANG_CXX_LIBRARY = "libc++";
				CLANG_ENABLE_MODULES = YES;
				CLANG_ENABLE_OBJC_ARC = YES;
				CLANG_ENABLE_OBJC_WEAK = YES;
				CLANG_WARN_BLOCK_CAPTURE_AUTORELEASING = YES;
				CLANG_WARN_BOOL_CONVERSION = YES;
				CLANG_WARN_COMMA = YES;
				CLANG_WARN_CONSTANT_CONVERSION = YES;
				CLANG_WARN_DEPRECATED_OBJC_IMPLEMENTATIONS = YES;
				CLANG_WARN_DIRECT_OBJC_ISA_USAGE = YES_ERROR;
				CLANG_WARN_DOCUMENTATION_COMMENTS = YES;
				CLANG_WARN_EMPTY_BODY = YES;
				CLANG_WARN_ENUM_CONVERSION = YES;
				CLANG_WARN_INFINITE_RECURSION = YES;
				CLANG_WARN_INT_CONVERSION = YES;
				CLANG_WARN_NON_LITERAL_NULL_CONVERSION = YES;
				CLANG_WARN_OBJC_IMPLICIT_RETAIN_SELF = YES;
				CLANG_WARN_OBJC_LITERAL_CONVERSION = YES;
				CLANG_WARN_OBJC_ROOT_CLASS = YES_ERROR;
				CLANG_WARN_RANGE_LOOP_ANALYSIS = YES;
				CLANG_WARN_STRICT_PROTOTYPES = YES;
				CLANG_WARN_SUSPICIOUS_MOVE = YES;
				CLANG_WARN_UNGUARDED_AVAILABILITY = YES_AGGRESSIVE;
				CLANG_WARN_UNREACHABLE_CODE = YES;
				CLANG_WARN__DUPLICATE_METHOD_MATCH = YES;
				CODE_SIGN_IDENTITY = "Mac Developer";
				COPY_PHASE_STRIP = NO;
				DEBUG_INFORMATION_FORMAT = dwarf;
				ENABLE_STRICT_OBJC_MSGSEND = YES;
				ENABLE_TESTABILITY = YES;
				GCC_C_LANGUAGE_STANDARD = gnu11;
				GCC_DYNAMIC_NO_PIC = NO;
				GCC_NO_COMMON_BLOCKS = YES;
				GCC_OPTIMIZATION_LEVEL = 0;
				GCC_PREPROCESSOR_DEFINITIONS = (
					"DEBUG=1",
					"$(inherited)",
				);
				GCC_WARN_64_TO_32_BIT_CONVERSION = YES;
				GCC_WARN_ABOUT_RETURN_TYPE = YES_ERROR;
				GCC_WARN_UNDECLARED_SELECTOR = YES;
				GCC_WARN_UNINITIALIZED_AUTOS = YES_AGGRESSIVE;
				GCC_WARN_UNUSED_FUNCTION = YES;
				GCC_WARN_UNUSED_VARIABLE = YES;
				MACOSX_DEPLOYMENT_TARGET = 10.14;
				MTL_ENABLE_DEBUG_INFO = INCLUDE_SOURCE;
				MTL_FAST_MATH = YES;
				ONLY_ACTIVE_ARCH = YES;
				SDKROOT = macosx;
			};
			name = Debug;
		};
		7E5EA2CC225122E0006CD4FC /* Release */ = {
			isa = XCBuildConfiguration;
			buildSettings = {
				ALWAYS_SEARCH_USER_PATHS = NO;
				CLANG_ANALYZER_NONNULL = YES;
				CLANG_ANALYZER_NUMBER_OBJECT_CONVERSION = YES_AGGRESSIVE;
				CLANG_CXX_LANGUAGE_STANDARD = "gnu++14";
				CLANG_CXX_LIBRARY = "libc++";
				CLANG_ENABLE_MODULES = YES;
				CLANG_ENABLE_OBJC_ARC = YES;
				CLANG_ENABLE_OBJC_WEAK = YES;
				CLANG_WARN_BLOCK_CAPTURE_AUTORELEASING = YES;
				CLANG_WARN_BOOL_CONVERSION = YES;
				CLANG_WARN_COMMA = YES;
				CLANG_WARN_CONSTANT_CONVERSION = YES;
				CLANG_WARN_DEPRECATED_OBJC_IMPLEMENTATIONS = YES;
				CLANG_WARN_DIRECT_OBJC_ISA_USAGE = YES_ERROR;
				CLANG_WARN_DOCUMENTATION_COMMENTS = YES;
				CLANG_WARN_EMPTY_BODY = YES;
				CLANG_WARN_ENUM_CONVERSION = YES;
				CLANG_WARN_INFINITE_RECURSION = YES;
				CLANG_WARN_INT_CONVERSION = YES;
				CLANG_WARN_NON_LITERAL_NULL_CONVERSION = YES;
				CLANG_WARN_OBJC_IMPLICIT_RETAIN_SELF = YES;
				CLANG_WARN_OBJC_LITERAL_CONVERSION = YES;
				CLANG_WARN_OBJC_ROOT_CLASS = YES_ERROR;
				CLANG_WARN_RANGE_LOOP_ANALYSIS = YES;
				CLANG_WARN_STRICT_PROTOTYPES = YES;
				CLANG_WARN_SUSPICIOUS_MOVE = YES;
				CLANG_WARN_UNGUARDED_AVAILABILITY = YES_AGGRESSIVE;
				CLANG_WARN_UNREACHABLE_CODE = YES;
				CLANG_WARN__DUPLICATE_METHOD_MATCH = YES;
				CODE_SIGN_IDENTITY = "Mac Developer";
				COPY_PHASE_STRIP = NO;
				DEBUG_INFORMATION_FORMAT = "dwarf-with-dsym";
				ENABLE_NS_ASSERTIONS = NO;
				ENABLE_STRICT_OBJC_MSGSEND = YES;
				GCC_C_LANGUAGE_STANDARD = gnu11;
				GCC_NO_COMMON_BLOCKS = YES;
				GCC_WARN_64_TO_32_BIT_CONVERSION = YES;
				GCC_WARN_ABOUT_RETURN_TYPE = YES_ERROR;
				GCC_WARN_UNDECLARED_SELECTOR = YES;
				GCC_WARN_UNINITIALIZED_AUTOS = YES_AGGRESSIVE;
				GCC_WARN_UNUSED_FUNCTION = YES;
				GCC_WARN_UNUSED_VARIABLE = YES;
				MACOSX_DEPLOYMENT_TARGET = 10.14;
				MTL_ENABLE_DEBUG_INFO = NO;
				MTL_FAST_MATH = YES;
				SDKROOT = macosx;
			};
			name = Release;
		};
		7E5EA2CE225122E0006CD4FC /* Debug */ = {
			isa = XCBuildConfiguration;
			buildSettings = {
				CLANG_CXX_LANGUAGE_STANDARD = "gnu++0x";
				CODE_SIGN_STYLE = Automatic;
				DEVELOPMENT_TEAM = JBP2638P2L;
				GCC_PREPROCESSOR_DEFINITIONS = "DEBUG=1";
				HEADER_SEARCH_PATHS = (
					/Applications/CPLEX_Studio128/cplex/include,
					/Applications/CPLEX_Studio128/concert/include,
				);
				LIBRARY_SEARCH_PATHS = (
					"\"/Applications/CPLEX_Studio128/cplex/lib/x86-64_osx/static_pic\"",
					"\"/Applications/CPLEX_Studio128/concert/lib/x86-64_osx/static_pic\"",
				);
				OTHER_CFLAGS = "-DIL-STD";
				PRODUCT_NAME = "$(TARGET_NAME)";
			};
			name = Debug;
		};
		7E5EA2CF225122E0006CD4FC /* Release */ = {
			isa = XCBuildConfiguration;
			buildSettings = {
				CLANG_CXX_LANGUAGE_STANDARD = "gnu++0x";
				CODE_SIGN_STYLE = Automatic;
				DEVELOPMENT_TEAM = JBP2638P2L;
				HEADER_SEARCH_PATHS = (
					/Applications/CPLEX_Studio128/cplex/include,
					/Applications/CPLEX_Studio128/concert/include,
				);
				LIBRARY_SEARCH_PATHS = (
					"\"/Applications/CPLEX_Studio128/cplex/lib/x86-64_osx/static_pic\"",
					"\"/Applications/CPLEX_Studio128/concert/lib/x86-64_osx/static_pic\"",
				);
				OTHER_CFLAGS = "-DIL-STD";
				PRODUCT_NAME = "$(TARGET_NAME)";
			};
			name = Release;
		};
/* End XCBuildConfiguration section */

/* Begin XCConfigurationList section */
		7E5EA2C1225122E0006CD4FC /* Build configuration list for PBXProject "Stochastic Approximation" */ = {
			isa = XCConfigurationList;
			buildConfigurations = (
				7E5EA2CB225122E0006CD4FC /* Debug */,
				7E5EA2CC225122E0006CD4FC /* Release */,
			);
			defaultConfigurationIsVisible = 0;
			defaultConfigurationName = Release;
		};
		7E5EA2CD225122E0006CD4FC /* Build configuration list for PBXNativeTarget "Stochastic Approximation" */ = {
			isa = XCConfigurationList;
			buildConfigurations = (
				7E5EA2CE225122E0006CD4FC /* Debug */,
				7E5EA2CF225122E0006CD4FC /* Release */,
			);
			defaultConfigurationIsVisible = 0;
			defaultConfigurationName = Release;
		};
/* End XCConfigurationList section */
	};
	rootObject = 7E5EA2BE225122E0006CD4FC /* Project object */;
}
